
Microsoft Visual Studio Solution File, Format Version 12.00
# Visual Studio Version 17
VisualStudioVersion = 17.10.35122.118
MinimumVisualStudioVersion = 10.0.40219.1
Project("{9A19103F-16F7-4668-BE54-9A1E7A4F7556}") = "MySite.MVC", "MySite.MVC\MySite.MVC.csproj", "{321F00CF-3CD4-4865-8B95-A24E77453DD2}"
EndProject
Project("{9A19103F-16F7-4668-BE54-9A1E7A4F7556}") = "MySite.BL", "MySite.BL\MySite.BL.csproj", "{1CD56CA1-AF95-46E4-B954-442913A79E85}"
EndProject
Project("{9A19103F-16F7-4668-BE54-9A1E7A4F7556}") = "MySite.DataAccess", "MySite.DataAccess\MySite.DataAccess.csproj", "{2C35CB98-9DB1-4D59-89AC-3F720A80F754}"
EndProject
Project("{9A19103F-16F7-4668-BE54-9A1E7A4F7556}") = "MySite.Entities", "MySite.Entities\MySite.Entities.csproj", "{BFB0E58C-0FDF-4824-8AD6-B8614330F3DF}"
EndProject
Global
	GlobalSection(SolutionConfigurationPlatforms) = preSolution
		Debug|Any CPU = Debug|Any CPU
		Release|Any CPU = Release|Any CPU
	EndGlobalSection
	GlobalSection(ProjectConfigurationPlatforms) = postSolution
		{321F00CF-3CD4-4865-8B95-A24E77453DD2}.Debug|Any CPU.ActiveCfg = Debug|Any CPU
		{321F00CF-3CD4-4865-8B95-A24E77453DD2}.Debug|Any CPU.Build.0 = Debug|Any CPU
		{321F00CF-3CD4-4865-8B95-A24E77453DD2}.Release|Any CPU.ActiveCfg = Release|Any CPU
		{321F00CF-3CD4-4865-8B95-A24E77453DD2}.Release|Any CPU.Build.0 = Release|Any CPU
		{1CD56CA1-AF95-46E4-B954-442913A79E85}.Debug|Any CPU.ActiveCfg = Debug|Any CPU
		{1CD56CA1-AF95-46E4-B954-442913A79E85}.Debug|Any CPU.Build.0 = Debug|Any CPU
		{1CD56CA1-AF95-46E4-B954-442913A79E85}.Release|Any CPU.ActiveCfg = Release|Any CPU
		{1CD56CA1-AF95-46E4-B954-442913A79E85}.Release|Any CPU.Build.0 = Release|Any CPU
		{2C35CB98-9DB1-4D59-89AC-3F720A80F754}.Debug|Any CPU.ActiveCfg = Debug|Any CPU
		{2C35CB98-9DB1-4D59-89AC-3F720A80F754}.Debug|Any CPU.Build.0 = Debug|Any CPU
		{2C35CB98-9DB1-4D59-89AC-3F720A80F754}.Release|Any CPU.ActiveCfg = Release|Any CPU
		{2C35CB98-9DB1-4D59-89AC-3F720A80F754}.Release|Any CPU.Build.0 = Release|Any CPU
		{BFB0E58C-0FDF-4824-8AD6-B8614330F3DF}.Debug|Any CPU.ActiveCfg = Debug|Any CPU
		{BFB0E58C-0FDF-4824-8AD6-B8614330F3DF}.Debug|Any CPU.Build.0 = Debug|Any CPU
		{BFB0E58C-0FDF-4824-8AD6-B8614330F3DF}.Release|Any CPU.ActiveCfg = Release|Any CPU
		{BFB0E58C-0FDF-4824-8AD6-B8614330F3DF}.Release|Any CPU.Build.0 = Release|Any CPU
	EndGlobalSection
	GlobalSection(SolutionProperties) = preSolution
		HideSolutionNode = FALSE
	EndGlobalSection
	GlobalSection(ExtensibilityGlobals) = postSolution
		SolutionGuid = {18EF9320-3828-4BB3-AFF5-1E52238691B4}
	EndGlobalSection
EndGlobal
